
Microsoft Visual Studio Solution File, Format Version 12.00
# Visual Studio 15
VisualStudioVersion = 15.0.27703.2026
MinimumVisualStudioVersion = 10.0.40219.1
Project("{FAE04EC0-301F-11D3-BF4B-00C04F79EFBC}") = "PWaplication", "PWaplication\PWaplication.csproj", "{ADD6A33C-2F93-40CB-8F3C-C44A01EEF187}"
EndProject
Global
	GlobalSection(SolutionConfigurationPlatforms) = preSolution
		Debug|Any CPU = Debug|Any CPU
		Release|Any CPU = Release|Any CPU
	EndGlobalSection
	GlobalSection(ProjectConfigurationPlatforms) = postSolution
		{ADD6A33C-2F93-40CB-8F3C-C44A01EEF187}.Debug|Any CPU.ActiveCfg = Debug|Any CPU
		{ADD6A33C-2F93-40CB-8F3C-C44A01EEF187}.Debug|Any CPU.Build.0 = Debug|Any CPU
		{ADD6A33C-2F93-40CB-8F3C-C44A01EEF187}.Debug|Any CPU.Deploy.0 = Debug|Any CPU
		{ADD6A33C-2F93-40CB-8F3C-C44A01EEF187}.Release|Any CPU.ActiveCfg = Release|Any CPU
		{ADD6A33C-2F93-40CB-8F3C-C44A01EEF187}.Release|Any CPU.Build.0 = Release|Any CPU
		{ADD6A33C-2F93-40CB-8F3C-C44A01EEF187}.Release|Any CPU.Deploy.0 = Release|Any CPU
	EndGlobalSection
	GlobalSection(SolutionProperties) = preSolution
		HideSolutionNode = FALSE
	EndGlobalSection
	GlobalSection(ExtensibilityGlobals) = postSolution
		SolutionGuid = {87E3DAE7-22E3-45BC-B1D7-D4852EE9214F}
	EndGlobalSection
EndGlobal
